DEPENDENCIES
  mongo
    git: git@github.com:NaOgit/mongo_cookbook.git
    revision: 45fee219bbbf4aa38b577d625b25f4f15f114a9d
  node
    git: git@github.com:NaOgit/node_cookbook.git
    revision: a360c9d8366c5e9446738d64f044036a9f1c5ee7

GRAPH
  ark (4.0.0)
    build-essential (>= 0.0.0)
    seven_zip (>= 0.0.0)
  build-essential (8.2.1)
    mingw (>= 1.1)
    seven_zip (>= 0.0.0)
  mingw (2.1.0)
    seven_zip (>= 0.0.0)
  mongo (0.1.0)
  node (0.1.0)
    nodejs (~> 5.0.0)
  nodejs (5.0.0)
    ark (>= 2.0.2)
    build-essential (>= 0.0.0)
  seven_zip (3.0.0)
    windows (>= 0.0.0)
  windows (5.1.1)
